// !$*UTF8*$!
{
	archiveVersion = 1;
	classes = {
	};
	objectVersion = 55;
	objects = {

/* Begin PBXBuildFile section */
		7DBD3B1AAAF1B95C09414821 /* Pods_TheDogs_TheDogsUITests.framework in Frameworks */ = {isa = PBXBuildFile; fileRef = C214FBD9D6ED9887D2CAFEB1 /* Pods_TheDogs_TheDogsUITests.framework */; };
		8EF8EF07F266882AE68FD237 /* Pods_TheDogs.framework in Frameworks */ = {isa = PBXBuildFile; fileRef = DD5E21AEBCD631948CF424D7 /* Pods_TheDogs.framework */; };
		9F46E56727495E2D000870A1 /* AppDelegate.swift in Sources */ = {isa = PBXBuildFile; fileRef = 9F46E56627495E2D000870A1 /* AppDelegate.swift */; };
		9F46E56927495E2D000870A1 /* SceneDelegate.swift in Sources */ = {isa = PBXBuildFile; fileRef = 9F46E56827495E2D000870A1 /* SceneDelegate.swift */; };
		9F46E56E27495E2D000870A1 /* Main.storyboard in Resources */ = {isa = PBXBuildFile; fileRef = 9F46E56C27495E2D000870A1 /* Main.storyboard */; };
		9F46E57127495E2D000870A1 /* TheDogs.xcdatamodeld in Sources */ = {isa = PBXBuildFile; fileRef = 9F46E56F27495E2D000870A1 /* TheDogs.xcdatamodeld */; };
		9F46E57327495E2E000870A1 /* Assets.xcassets in Resources */ = {isa = PBXBuildFile; fileRef = 9F46E57227495E2E000870A1 /* Assets.xcassets */; };
		9F46E57627495E2E000870A1 /* LaunchScreen.storyboard in Resources */ = {isa = PBXBuildFile; fileRef = 9F46E57427495E2E000870A1 /* LaunchScreen.storyboard */; };
		9F46E58127495E2E000870A1 /* TheDogsTests.swift in Sources */ = {isa = PBXBuildFile; fileRef = 9F46E58027495E2E000870A1 /* TheDogsTests.swift */; };
		9F46E58B27495E2E000870A1 /* TheDogsUITests.swift in Sources */ = {isa = PBXBuildFile; fileRef = 9F46E58A27495E2E000870A1 /* TheDogsUITests.swift */; };
		9F46E58D27495E2E000870A1 /* TheDogsUITestsLaunchTests.swift in Sources */ = {isa = PBXBuildFile; fileRef = 9F46E58C27495E2E000870A1 /* TheDogsUITestsLaunchTests.swift */; };
		9F46E59E27496922000870A1 /* APIService.swift in Sources */ = {isa = PBXBuildFile; fileRef = 9F46E59D27496922000870A1 /* APIService.swift */; };
		9F46E5A02749697E000870A1 /* Protocols.swift in Sources */ = {isa = PBXBuildFile; fileRef = 9F46E59F2749697E000870A1 /* Protocols.swift */; };
		9F46E5A8274993CA000870A1 /* Measures.swift in Sources */ = {isa = PBXBuildFile; fileRef = 9F46E5A7274993CA000870A1 /* Measures.swift */; };
		9F46E5AB2749968C000870A1 /* Breed.swift in Sources */ = {isa = PBXBuildFile; fileRef = 9F46E5AA2749968C000870A1 /* Breed.swift */; };
		9F46E5AE2749990C000870A1 /* Image.swift in Sources */ = {isa = PBXBuildFile; fileRef = 9F46E5AD2749990C000870A1 /* Image.swift */; };
		9F46E5B1274999E3000870A1 /* BreedsRequest.swift in Sources */ = {isa = PBXBuildFile; fileRef = 9F46E5B0274999E3000870A1 /* BreedsRequest.swift */; };
		9FBB7899274A7174009FBA25 /* Constants.swift in Sources */ = {isa = PBXBuildFile; fileRef = 9FBB7898274A7174009FBA25 /* Constants.swift */; };
		9FBB789C274A73B1009FBA25 /* ListBreedsViewModel.swift in Sources */ = {isa = PBXBuildFile; fileRef = 9FBB789B274A73B1009FBA25 /* ListBreedsViewModel.swift */; };
		9FBB78A2274A83E5009FBA25 /* ListBreedsViewController.swift in Sources */ = {isa = PBXBuildFile; fileRef = 9FBB78A1274A83E5009FBA25 /* ListBreedsViewController.swift */; };
		9FBB78A5274A849C009FBA25 /* Breeds.storyboard in Resources */ = {isa = PBXBuildFile; fileRef = 9FBB78A4274A849C009FBA25 /* Breeds.storyboard */; };
		9FBB78A9274A866A009FBA25 /* BreedTableViewCell.swift in Sources */ = {isa = PBXBuildFile; fileRef = 9FBB78A7274A866A009FBA25 /* BreedTableViewCell.swift */; };
		9FBB78AA274A866A009FBA25 /* BreedTableViewCell.xib in Resources */ = {isa = PBXBuildFile; fileRef = 9FBB78A8274A866A009FBA25 /* BreedTableViewCell.xib */; };
		9FBB78AD274A87D0009FBA25 /* Reusable.swift in Sources */ = {isa = PBXBuildFile; fileRef = 9FBB78AC274A87D0009FBA25 /* Reusable.swift */; };
		ED4F8D85AE7B046F70877CE0 /* Pods_TheDogsTests.framework in Frameworks */ = {isa = PBXBuildFile; fileRef = 54C468AA9B6EBF863D09C08E /* Pods_TheDogsTests.framework */; };
/* End PBXBuildFile section */

/* Begin PBXContainerItemProxy section */
		9F46E57D27495E2E000870A1 /* PBXContainerItemProxy */ = {
			isa = PBXContainerItemProxy;
			containerPortal = 9F46E55B27495E2D000870A1 /* Project object */;
			proxyType = 1;
			remoteGlobalIDString = 9F46E56227495E2D000870A1;
			remoteInfo = TheDogs;
		};
		9F46E58727495E2E000870A1 /* PBXContainerItemProxy */ = {
			isa = PBXContainerItemProxy;
			containerPortal = 9F46E55B27495E2D000870A1 /* Project object */;
			proxyType = 1;
			remoteGlobalIDString = 9F46E56227495E2D000870A1;
			remoteInfo = TheDogs;
		};
/* End PBXContainerItemProxy section */

/* Begin PBXFileReference section */
		39580789F342AE5F740848B5 /* Pods-TheDogs-TheDogsUITests.debug.xcconfig */ = {isa = PBXFileReference; includeInIndex = 1; lastKnownFileType = text.xcconfig; name = "Pods-TheDogs-TheDogsUITests.debug.xcconfig"; path = "Target Support Files/Pods-TheDogs-TheDogsUITests/Pods-TheDogs-TheDogsUITests.debug.xcconfig"; sourceTree = "<group>"; };
		39E3808FB0AC785EE32109BC /* Pods-TheDogs-TheDogsUITests.release.xcconfig */ = {isa = PBXFileReference; includeInIndex = 1; lastKnownFileType = text.xcconfig; name = "Pods-TheDogs-TheDogsUITests.release.xcconfig"; path = "Target Support Files/Pods-TheDogs-TheDogsUITests/Pods-TheDogs-TheDogsUITests.release.xcconfig"; sourceTree = "<group>"; };
		3B24B2A81576D4B920965466 /* Pods-TheDogsTests.release.xcconfig */ = {isa = PBXFileReference; includeInIndex = 1; lastKnownFileType = text.xcconfig; name = "Pods-TheDogsTests.release.xcconfig"; path = "Target Support Files/Pods-TheDogsTests/Pods-TheDogsTests.release.xcconfig"; sourceTree = "<group>"; };
		54C468AA9B6EBF863D09C08E /* Pods_TheDogsTests.framework */ = {isa = PBXFileReference; explicitFileType = wrapper.framework; includeInIndex = 0; path = Pods_TheDogsTests.framework; sourceTree = BUILT_PRODUCTS_DIR; };
		8E68C6C2B559A62FB7BD688F /* Pods-TheDogsTests.debug.xcconfig */ = {isa = PBXFileReference; includeInIndex = 1; lastKnownFileType = text.xcconfig; name = "Pods-TheDogsTests.debug.xcconfig"; path = "Target Support Files/Pods-TheDogsTests/Pods-TheDogsTests.debug.xcconfig"; sourceTree = "<group>"; };
		9F46E56327495E2D000870A1 /* TheDogs.app */ = {isa = PBXFileReference; explicitFileType = wrapper.application; includeInIndex = 0; path = TheDogs.app; sourceTree = BUILT_PRODUCTS_DIR; };
		9F46E56627495E2D000870A1 /* AppDelegate.swift */ = {isa = PBXFileReference; lastKnownFileType = sourcecode.swift; path = AppDelegate.swift; sourceTree = "<group>"; };
		9F46E56827495E2D000870A1 /* SceneDelegate.swift */ = {isa = PBXFileReference; lastKnownFileType = sourcecode.swift; path = SceneDelegate.swift; sourceTree = "<group>"; };
		9F46E56D27495E2D000870A1 /* Base */ = {isa = PBXFileReference; lastKnownFileType = file.storyboard; name = Base; path = Base.lproj/Main.storyboard; sourceTree = "<group>"; };
		9F46E57027495E2D000870A1 /* TheDogs.xcdatamodel */ = {isa = PBXFileReference; lastKnownFileType = wrapper.xcdatamodel; path = TheDogs.xcdatamodel; sourceTree = "<group>"; };
		9F46E57227495E2E000870A1 /* Assets.xcassets */ = {isa = PBXFileReference; lastKnownFileType = folder.assetcatalog; path = Assets.xcassets; sourceTree = "<group>"; };
		9F46E57527495E2E000870A1 /* Base */ = {isa = PBXFileReference; lastKnownFileType = file.storyboard; name = Base; path = Base.lproj/LaunchScreen.storyboard; sourceTree = "<group>"; };
		9F46E57727495E2E000870A1 /* Info.plist */ = {isa = PBXFileReference; lastKnownFileType = text.plist.xml; path = Info.plist; sourceTree = "<group>"; };
		9F46E57C27495E2E000870A1 /* TheDogsTests.xctest */ = {isa = PBXFileReference; explicitFileType = wrapper.cfbundle; includeInIndex = 0; path = TheDogsTests.xctest; sourceTree = BUILT_PRODUCTS_DIR; };
		9F46E58027495E2E000870A1 /* TheDogsTests.swift */ = {isa = PBXFileReference; lastKnownFileType = sourcecode.swift; path = TheDogsTests.swift; sourceTree = "<group>"; };
		9F46E58627495E2E000870A1 /* TheDogsUITests.xctest */ = {isa = PBXFileReference; explicitFileType = wrapper.cfbundle; includeInIndex = 0; path = TheDogsUITests.xctest; sourceTree = BUILT_PRODUCTS_DIR; };
		9F46E58A27495E2E000870A1 /* TheDogsUITests.swift */ = {isa = PBXFileReference; lastKnownFileType = sourcecode.swift; path = TheDogsUITests.swift; sourceTree = "<group>"; };
		9F46E58C27495E2E000870A1 /* TheDogsUITestsLaunchTests.swift */ = {isa = PBXFileReference; lastKnownFileType = sourcecode.swift; path = TheDogsUITestsLaunchTests.swift; sourceTree = "<group>"; };
		9F46E59D27496922000870A1 /* APIService.swift */ = {isa = PBXFileReference; lastKnownFileType = sourcecode.swift; path = APIService.swift; sourceTree = "<group>"; };
		9F46E59F2749697E000870A1 /* Protocols.swift */ = {isa = PBXFileReference; lastKnownFileType = sourcecode.swift; path = Protocols.swift; sourceTree = "<group>"; };
		9F46E5A7274993CA000870A1 /* Measures.swift */ = {isa = PBXFileReference; lastKnownFileType = sourcecode.swift; path = Measures.swift; sourceTree = "<group>"; };
		9F46E5AA2749968C000870A1 /* Breed.swift */ = {isa = PBXFileReference; lastKnownFileType = sourcecode.swift; path = Breed.swift; sourceTree = "<group>"; };
		9F46E5AD2749990C000870A1 /* Image.swift */ = {isa = PBXFileReference; lastKnownFileType = sourcecode.swift; path = Image.swift; sourceTree = "<group>"; };
		9F46E5B0274999E3000870A1 /* BreedsRequest.swift */ = {isa = PBXFileReference; lastKnownFileType = sourcecode.swift; path = BreedsRequest.swift; sourceTree = "<group>"; };
		9FBB7898274A7174009FBA25 /* Constants.swift */ = {isa = PBXFileReference; lastKnownFileType = sourcecode.swift; path = Constants.swift; sourceTree = "<group>"; };
		9FBB789B274A73B1009FBA25 /* ListBreedsViewModel.swift */ = {isa = PBXFileReference; lastKnownFileType = sourcecode.swift; path = ListBreedsViewModel.swift; sourceTree = "<group>"; };
		9FBB78A1274A83E5009FBA25 /* ListBreedsViewController.swift */ = {isa = PBXFileReference; lastKnownFileType = sourcecode.swift; path = ListBreedsViewController.swift; sourceTree = "<group>"; };
		9FBB78A4274A849C009FBA25 /* Breeds.storyboard */ = {isa = PBXFileReference; lastKnownFileType = file.storyboard; path = Breeds.storyboard; sourceTree = "<group>"; };
		9FBB78A7274A866A009FBA25 /* BreedTableViewCell.swift */ = {isa = PBXFileReference; lastKnownFileType = sourcecode.swift; path = BreedTableViewCell.swift; sourceTree = "<group>"; };
		9FBB78A8274A866A009FBA25 /* BreedTableViewCell.xib */ = {isa = PBXFileReference; lastKnownFileType = file.xib; path = BreedTableViewCell.xib; sourceTree = "<group>"; };
		9FBB78AC274A87D0009FBA25 /* Reusable.swift */ = {isa = PBXFileReference; lastKnownFileType = sourcecode.swift; path = Reusable.swift; sourceTree = "<group>"; };
		B9CCE159141B9009EE95A539 /* Pods-TheDogs.debug.xcconfig */ = {isa = PBXFileReference; includeInIndex = 1; lastKnownFileType = text.xcconfig; name = "Pods-TheDogs.debug.xcconfig"; path = "Target Support Files/Pods-TheDogs/Pods-TheDogs.debug.xcconfig"; sourceTree = "<group>"; };
		C214FBD9D6ED9887D2CAFEB1 /* Pods_TheDogs_TheDogsUITests.framework */ = {isa = PBXFileReference; explicitFileType = wrapper.framework; includeInIndex = 0; path = Pods_TheDogs_TheDogsUITests.framework; sourceTree = BUILT_PRODUCTS_DIR; };
		C55C601C5C811092D24C2885 /* Pods-TheDogs.release.xcconfig */ = {isa = PBXFileReference; includeInIndex = 1; lastKnownFileType = text.xcconfig; name = "Pods-TheDogs.release.xcconfig"; path = "Target Support Files/Pods-TheDogs/Pods-TheDogs.release.xcconfig"; sourceTree = "<group>"; };
		DD5E21AEBCD631948CF424D7 /* Pods_TheDogs.framework */ = {isa = PBXFileReference; explicitFileType = wrapper.framework; includeInIndex = 0; path = Pods_TheDogs.framework; sourceTree = BUILT_PRODUCTS_DIR; };
/* End PBXFileReference section */

/* Begin PBXFrameworksBuildPhase section */
		9F46E56027495E2D000870A1 /* Frameworks */ = {
			isa = PBXFrameworksBuildPhase;
			buildActionMask = 2147483647;
			files = (
				8EF8EF07F266882AE68FD237 /* Pods_TheDogs.framework in Frameworks */,
			);
			runOnlyForDeploymentPostprocessing = 0;
		};
		9F46E57927495E2E000870A1 /* Frameworks */ = {
			isa = PBXFrameworksBuildPhase;
			buildActionMask = 2147483647;
			files = (
				ED4F8D85AE7B046F70877CE0 /* Pods_TheDogsTests.framework in Frameworks */,
			);
			runOnlyForDeploymentPostprocessing = 0;
		};
		9F46E58327495E2E000870A1 /* Frameworks */ = {
			isa = PBXFrameworksBuildPhase;
			buildActionMask = 2147483647;
			files = (
				7DBD3B1AAAF1B95C09414821 /* Pods_TheDogs_TheDogsUITests.framework in Frameworks */,
			);
			runOnlyForDeploymentPostprocessing = 0;
		};
/* End PBXFrameworksBuildPhase section */

/* Begin PBXGroup section */
		2972C5741CD0226CBD261135 /* Pods */ = {
			isa = PBXGroup;
			children = (
				B9CCE159141B9009EE95A539 /* Pods-TheDogs.debug.xcconfig */,
				C55C601C5C811092D24C2885 /* Pods-TheDogs.release.xcconfig */,
				39580789F342AE5F740848B5 /* Pods-TheDogs-TheDogsUITests.debug.xcconfig */,
				39E3808FB0AC785EE32109BC /* Pods-TheDogs-TheDogsUITests.release.xcconfig */,
				8E68C6C2B559A62FB7BD688F /* Pods-TheDogsTests.debug.xcconfig */,
				3B24B2A81576D4B920965466 /* Pods-TheDogsTests.release.xcconfig */,
			);
			path = Pods;
			sourceTree = "<group>";
		};
		9F46E55A27495E2D000870A1 = {
			isa = PBXGroup;
			children = (
				9F46E56527495E2D000870A1 /* TheDogs */,
				9F46E57F27495E2E000870A1 /* TheDogsTests */,
				9F46E58927495E2E000870A1 /* TheDogsUITests */,
				9F46E56427495E2D000870A1 /* Products */,
				2972C5741CD0226CBD261135 /* Pods */,
				B2EEFBC8DCF0970F01B694AC /* Frameworks */,
			);
			sourceTree = "<group>";
		};
		9F46E56427495E2D000870A1 /* Products */ = {
			isa = PBXGroup;
			children = (
				9F46E56327495E2D000870A1 /* TheDogs.app */,
				9F46E57C27495E2E000870A1 /* TheDogsTests.xctest */,
				9F46E58627495E2E000870A1 /* TheDogsUITests.xctest */,
			);
			name = Products;
			sourceTree = "<group>";
		};
		9F46E56527495E2D000870A1 /* TheDogs */ = {
			isa = PBXGroup;
			children = (
				9F46E59B27496886000870A1 /* APIs */,
				9F46E5A127498660000870A1 /* Models */,
				9FBB789E274A83B2009FBA25 /* View */,
				9FBB789A274A7377009FBA25 /* ViewModels */,
				9FBB7896274A7163009FBA25 /* Utils */,
				9F46E56627495E2D000870A1 /* AppDelegate.swift */,
				9F46E56827495E2D000870A1 /* SceneDelegate.swift */,
				9F46E56C27495E2D000870A1 /* Main.storyboard */,
				9F46E57227495E2E000870A1 /* Assets.xcassets */,
				9F46E57427495E2E000870A1 /* LaunchScreen.storyboard */,
				9F46E57727495E2E000870A1 /* Info.plist */,
				9F46E56F27495E2D000870A1 /* TheDogs.xcdatamodeld */,
			);
			path = TheDogs;
			sourceTree = "<group>";
		};
		9F46E57F27495E2E000870A1 /* TheDogsTests */ = {
			isa = PBXGroup;
			children = (
				9F46E58027495E2E000870A1 /* TheDogsTests.swift */,
			);
			path = TheDogsTests;
			sourceTree = "<group>";
		};
		9F46E58927495E2E000870A1 /* TheDogsUITests */ = {
			isa = PBXGroup;
			children = (
				9F46E58A27495E2E000870A1 /* TheDogsUITests.swift */,
				9F46E58C27495E2E000870A1 /* TheDogsUITestsLaunchTests.swift */,
			);
			path = TheDogsUITests;
			sourceTree = "<group>";
		};
		9F46E59A27496803000870A1 /* Commons */ = {
			isa = PBXGroup;
			children = (
				9F46E59F2749697E000870A1 /* Protocols.swift */,
			);
			path = Commons;
			sourceTree = "<group>";
		};
		9F46E59B27496886000870A1 /* APIs */ = {
			isa = PBXGroup;
			children = (
				9F46E59A27496803000870A1 /* Commons */,
				9F46E59C2749690E000870A1 /* Base */,
				9F46E5AF274999CB000870A1 /* Breeds */,
			);
			path = APIs;
			sourceTree = "<group>";
		};
		9F46E59C2749690E000870A1 /* Base */ = {
			isa = PBXGroup;
			children = (
				9F46E59D27496922000870A1 /* APIService.swift */,
			);
			path = Base;
			sourceTree = "<group>";
		};
		9F46E5A127498660000870A1 /* Models */ = {
			isa = PBXGroup;
			children = (
				9F46E5A9274995A0000870A1 /* Breed */,
				9F46E5A6274993BC000870A1 /* Measures */,
				9F46E5AC27499900000870A1 /* Image */,
			);
			path = Models;
			sourceTree = "<group>";
		};
		9F46E5A6274993BC000870A1 /* Measures */ = {
			isa = PBXGroup;
			children = (
				9F46E5A7274993CA000870A1 /* Measures.swift */,
			);
			path = Measures;
			sourceTree = "<group>";
		};
		9F46E5A9274995A0000870A1 /* Breed */ = {
			isa = PBXGroup;
			children = (
				9F46E5AA2749968C000870A1 /* Breed.swift */,
			);
			path = Breed;
			sourceTree = "<group>";
		};
		9F46E5AC27499900000870A1 /* Image */ = {
			isa = PBXGroup;
			children = (
				9F46E5AD2749990C000870A1 /* Image.swift */,
			);
			path = Image;
			sourceTree = "<group>";
		};
		9F46E5AF274999CB000870A1 /* Breeds */ = {
			isa = PBXGroup;
			children = (
				9F46E5B0274999E3000870A1 /* BreedsRequest.swift */,
			);
			path = Breeds;
			sourceTree = "<group>";
		};
		9FBB7896274A7163009FBA25 /* Utils */ = {
			isa = PBXGroup;
			children = (
				9FBB78AB274A87BD009FBA25 /* Reusable */,
				9FBB7897274A716A009FBA25 /* Constants */,
			);
			path = Utils;
			sourceTree = "<group>";
		};
		9FBB7897274A716A009FBA25 /* Constants */ = {
			isa = PBXGroup;
			children = (
				9FBB7898274A7174009FBA25 /* Constants.swift */,
			);
			path = Constants;
			sourceTree = "<group>";
		};
		9FBB789A274A7377009FBA25 /* ViewModels */ = {
			isa = PBXGroup;
			children = (
				9FBB789D274A73B6009FBA25 /* ListBreeds */,
			);
			path = ViewModels;
			sourceTree = "<group>";
		};
		9FBB789D274A73B6009FBA25 /* ListBreeds */ = {
			isa = PBXGroup;
			children = (
				9FBB789B274A73B1009FBA25 /* ListBreedsViewModel.swift */,
			);
			path = ListBreeds;
			sourceTree = "<group>";
		};
		9FBB789E274A83B2009FBA25 /* View */ = {
			isa = PBXGroup;
			children = (
				9FBB78A3274A8483009FBA25 /* Breeds */,
			);
			path = View;
			sourceTree = "<group>";
		};
		9FBB78A0274A83C1009FBA25 /* ListBreedsViewController */ = {
			isa = PBXGroup;
			children = (
				9FBB78A1274A83E5009FBA25 /* ListBreedsViewController.swift */,
			);
			path = ListBreedsViewController;
			sourceTree = "<group>";
		};
		9FBB78A3274A8483009FBA25 /* Breeds */ = {
			isa = PBXGroup;
			children = (
				9FBB78A4274A849C009FBA25 /* Breeds.storyboard */,
				9FBB78A0274A83C1009FBA25 /* ListBreedsViewController */,
				9FBB78A6274A8635009FBA25 /* BreedTableViewCell */,
			);
			path = Breeds;
			sourceTree = "<group>";
		};
		9FBB78A6274A8635009FBA25 /* BreedTableViewCell */ = {
			isa = PBXGroup;
			children = (
				9FBB78A7274A866A009FBA25 /* BreedTableViewCell.swift */,
				9FBB78A8274A866A009FBA25 /* BreedTableViewCell.xib */,
			);
			path = BreedTableViewCell;
			sourceTree = "<group>";
		};
		9FBB78AB274A87BD009FBA25 /* Reusable */ = {
			isa = PBXGroup;
			children = (
				9FBB78AC274A87D0009FBA25 /* Reusable.swift */,
			);
			path = Reusable;
			sourceTree = "<group>";
		};
		B2EEFBC8DCF0970F01B694AC /* Frameworks */ = {
			isa = PBXGroup;
			children = (
				DD5E21AEBCD631948CF424D7 /* Pods_TheDogs.framework */,
				C214FBD9D6ED9887D2CAFEB1 /* Pods_TheDogs_TheDogsUITests.framework */,
				54C468AA9B6EBF863D09C08E /* Pods_TheDogsTests.framework */,
			);
			name = Frameworks;
			sourceTree = "<group>";
		};
/* End PBXGroup section */

/* Begin PBXNativeTarget section */
		9F46E56227495E2D000870A1 /* TheDogs */ = {
			isa = PBXNativeTarget;
			buildConfigurationList = 9F46E59027495E2E000870A1 /* Build configuration list for PBXNativeTarget "TheDogs" */;
			buildPhases = (
				200C45E4E7954BDC2E0B3F34 /* [CP] Check Pods Manifest.lock */,
				9F46E55F27495E2D000870A1 /* Sources */,
				9F46E56027495E2D000870A1 /* Frameworks */,
				9F46E56127495E2D000870A1 /* Resources */,
				675457101DB07F1E45E37AFF /* [CP] Embed Pods Frameworks */,
			);
			buildRules = (
			);
			dependencies = (
			);
			name = TheDogs;
			productName = TheDogs;
			productReference = 9F46E56327495E2D000870A1 /* TheDogs.app */;
			productType = "com.apple.product-type.application";
		};
		9F46E57B27495E2E000870A1 /* TheDogsTests */ = {
			isa = PBXNativeTarget;
			buildConfigurationList = 9F46E59327495E2E000870A1 /* Build configuration list for PBXNativeTarget "TheDogsTests" */;
			buildPhases = (
				8099B1C6BC1D8866B430B551 /* [CP] Check Pods Manifest.lock */,
				9F46E57827495E2E000870A1 /* Sources */,
				9F46E57927495E2E000870A1 /* Frameworks */,
				9F46E57A27495E2E000870A1 /* Resources */,
			);
			buildRules = (
			);
			dependencies = (
				9F46E57E27495E2E000870A1 /* PBXTargetDependency */,
			);
			name = TheDogsTests;
			productName = TheDogsTests;
			productReference = 9F46E57C27495E2E000870A1 /* TheDogsTests.xctest */;
			productType = "com.apple.product-type.bundle.unit-test";
		};
		9F46E58527495E2E000870A1 /* TheDogsUITests */ = {
			isa = PBXNativeTarget;
			buildConfigurationList = 9F46E59627495E2E000870A1 /* Build configuration list for PBXNativeTarget "TheDogsUITests" */;
			buildPhases = (
				B6D81088BDA4015A2BA98C6D /* [CP] Check Pods Manifest.lock */,
				9F46E58227495E2E000870A1 /* Sources */,
				9F46E58327495E2E000870A1 /* Frameworks */,
				9F46E58427495E2E000870A1 /* Resources */,
				CF337CF441BBDF1E770A1B0B /* [CP] Embed Pods Frameworks */,
			);
			buildRules = (
			);
			dependencies = (
				9F46E58827495E2E000870A1 /* PBXTargetDependency */,
			);
			name = TheDogsUITests;
			productName = TheDogsUITests;
			productReference = 9F46E58627495E2E000870A1 /* TheDogsUITests.xctest */;
			productType = "com.apple.product-type.bundle.ui-testing";
		};
/* End PBXNativeTarget section */

/* Begin PBXProject section */
		9F46E55B27495E2D000870A1 /* Project object */ = {
			isa = PBXProject;
			attributes = {
				BuildIndependentTargetsInParallel = 1;
				LastSwiftUpdateCheck = 1300;
				LastUpgradeCheck = 1300;
				TargetAttributes = {
					9F46E56227495E2D000870A1 = {
						CreatedOnToolsVersion = 13.0;
					};
					9F46E57B27495E2E000870A1 = {
						CreatedOnToolsVersion = 13.0;
						TestTargetID = 9F46E56227495E2D000870A1;
					};
					9F46E58527495E2E000870A1 = {
						CreatedOnToolsVersion = 13.0;
						TestTargetID = 9F46E56227495E2D000870A1;
					};
				};
			};
			buildConfigurationList = 9F46E55E27495E2D000870A1 /* Build configuration list for PBXProject "TheDogs" */;
			compatibilityVersion = "Xcode 13.0";
			developmentRegion = en;
			hasScannedForEncodings = 0;
			knownRegions = (
				en,
				Base,
			);
			mainGroup = 9F46E55A27495E2D000870A1;
			productRefGroup = 9F46E56427495E2D000870A1 /* Products */;
			projectDirPath = "";
			projectRoot = "";
			targets = (
				9F46E56227495E2D000870A1 /* TheDogs */,
				9F46E57B27495E2E000870A1 /* TheDogsTests */,
				9F46E58527495E2E000870A1 /* TheDogsUITests */,
			);
		};
/* End PBXProject section */

/* Begin PBXResourcesBuildPhase section */
		9F46E56127495E2D000870A1 /* Resources */ = {
			isa = PBXResourcesBuildPhase;
			buildActionMask = 2147483647;
			files = (
				9F46E57627495E2E000870A1 /* LaunchScreen.storyboard in Resources */,
				9FBB78A5274A849C009FBA25 /* Breeds.storyboard in Resources */,
				9FBB78AA274A866A009FBA25 /* BreedTableViewCell.xib in Resources */,
				9F46E57327495E2E000870A1 /* Assets.xcassets in Resources */,
				9F46E56E27495E2D000870A1 /* Main.storyboard in Resources */,
			);
			runOnlyForDeploymentPostprocessing = 0;
		};
		9F46E57A27495E2E000870A1 /* Resources */ = {
			isa = PBXResourcesBuildPhase;
			buildActionMask = 2147483647;
			files = (
			);
			runOnlyForDeploymentPostprocessing = 0;
		};
		9F46E58427495E2E000870A1 /* Resources */ = {
			isa = PBXResourcesBuildPhase;
			buildActionMask = 2147483647;
			files = (
			);
			runOnlyForDeploymentPostprocessing = 0;
		};
/* End PBXResourcesBuildPhase section */

/* Begin PBXShellScriptBuildPhase section */
		200C45E4E7954BDC2E0B3F34 /* [CP] Check Pods Manifest.lock */ = {
			isa = PBXShellScriptBuildPhase;
			buildActionMask = 2147483647;
			files = (
			);
			inputFileListPaths = (
			);
			inputPaths = (
				"${PODS_PODFILE_DIR_PATH}/Podfile.lock",
				"${PODS_ROOT}/Manifest.lock",
			);
			name = "[CP] Check Pods Manifest.lock";
			outputFileListPaths = (
			);
			outputPaths = (
				"$(DERIVED_FILE_DIR)/Pods-TheDogs-checkManifestLockResult.txt",
			);
			runOnlyForDeploymentPostprocessing = 0;
			shellPath = /bin/sh;
			shellScript = "diff \"${PODS_PODFILE_DIR_PATH}/Podfile.lock\" \"${PODS_ROOT}/Manifest.lock\" > /dev/null\nif [ $? != 0 ] ; then\n    # print error to STDERR\n    echo \"error: The sandbox is not in sync with the Podfile.lock. Run 'pod install' or update your CocoaPods installation.\" >&2\n    exit 1\nfi\n# This output is used by Xcode 'outputs' to avoid re-running this script phase.\necho \"SUCCESS\" > \"${SCRIPT_OUTPUT_FILE_0}\"\n";
			showEnvVarsInLog = 0;
		};
		675457101DB07F1E45E37AFF /* [CP] Embed Pods Frameworks */ = {
			isa = PBXShellScriptBuildPhase;
			buildActionMask = 2147483647;
			files = (
			);
			inputFileListPaths = (
				"${PODS_ROOT}/Target Support Files/Pods-TheDogs/Pods-TheDogs-frameworks-${CONFIGURATION}-input-files.xcfilelist",
			);
			name = "[CP] Embed Pods Frameworks";
			outputFileListPaths = (
				"${PODS_ROOT}/Target Support Files/Pods-TheDogs/Pods-TheDogs-frameworks-${CONFIGURATION}-output-files.xcfilelist",
			);
			runOnlyForDeploymentPostprocessing = 0;
			shellPath = /bin/sh;
			shellScript = "\"${PODS_ROOT}/Target Support Files/Pods-TheDogs/Pods-TheDogs-frameworks.sh\"\n";
			showEnvVarsInLog = 0;
		};
		8099B1C6BC1D8866B430B551 /* [CP] Check Pods Manifest.lock */ = {
			isa = PBXShellScriptBuildPhase;
			buildActionMask = 2147483647;
			files = (
			);
			inputFileListPaths = (
			);
			inputPaths = (
				"${PODS_PODFILE_DIR_PATH}/Podfile.lock",
				"${PODS_ROOT}/Manifest.lock",
			);
			name = "[CP] Check Pods Manifest.lock";
			outputFileListPaths = (
			);
			outputPaths = (
				"$(DERIVED_FILE_DIR)/Pods-TheDogsTests-checkManifestLockResult.txt",
			);
			runOnlyForDeploymentPostprocessing = 0;
			shellPath = /bin/sh;
			shellScript = "diff \"${PODS_PODFILE_DIR_PATH}/Podfile.lock\" \"${PODS_ROOT}/Manifest.lock\" > /dev/null\nif [ $? != 0 ] ; then\n    # print error to STDERR\n    echo \"error: The sandbox is not in sync with the Podfile.lock. Run 'pod install' or update your CocoaPods installation.\" >&2\n    exit 1\nfi\n# This output is used by Xcode 'outputs' to avoid re-running this script phase.\necho \"SUCCESS\" > \"${SCRIPT_OUTPUT_FILE_0}\"\n";
			showEnvVarsInLog = 0;
		};
		B6D81088BDA4015A2BA98C6D /* [CP] Check Pods Manifest.lock */ = {
			isa = PBXShellScriptBuildPhase;
			buildActionMask = 2147483647;
			files = (
			);
			inputFileListPaths = (
			);
			inputPaths = (
				"${PODS_PODFILE_DIR_PATH}/Podfile.lock",
				"${PODS_ROOT}/Manifest.lock",
			);
			name = "[CP] Check Pods Manifest.lock";
			outputFileListPaths = (
			);
			outputPaths = (
				"$(DERIVED_FILE_DIR)/Pods-TheDogs-TheDogsUITests-checkManifestLockResult.txt",
			);
			runOnlyForDeploymentPostprocessing = 0;
			shellPath = /bin/sh;
			shellScript = "diff \"${PODS_PODFILE_DIR_PATH}/Podfile.lock\" \"${PODS_ROOT}/Manifest.lock\" > /dev/null\nif [ $? != 0 ] ; then\n    # print error to STDERR\n    echo \"error: The sandbox is not in sync with the Podfile.lock. Run 'pod install' or update your CocoaPods installation.\" >&2\n    exit 1\nfi\n# This output is used by Xcode 'outputs' to avoid re-running this script phase.\necho \"SUCCESS\" > \"${SCRIPT_OUTPUT_FILE_0}\"\n";
			showEnvVarsInLog = 0;
		};
		CF337CF441BBDF1E770A1B0B /* [CP] Embed Pods Frameworks */ = {
			isa = PBXShellScriptBuildPhase;
			buildActionMask = 2147483647;
			files = (
			);
			inputFileListPaths = (
				"${PODS_ROOT}/Target Support Files/Pods-TheDogs-TheDogsUITests/Pods-TheDogs-TheDogsUITests-frameworks-${CONFIGURATION}-input-files.xcfilelist",
			);
			name = "[CP] Embed Pods Frameworks";
			outputFileListPaths = (
				"${PODS_ROOT}/Target Support Files/Pods-TheDogs-TheDogsUITests/Pods-TheDogs-TheDogsUITests-frameworks-${CONFIGURATION}-output-files.xcfilelist",
			);
			runOnlyForDeploymentPostprocessing = 0;
			shellPath = /bin/sh;
			shellScript = "\"${PODS_ROOT}/Target Support Files/Pods-TheDogs-TheDogsUITests/Pods-TheDogs-TheDogsUITests-frameworks.sh\"\n";
			showEnvVarsInLog = 0;
		};
/* End PBXShellScriptBuildPhase section */

/* Begin PBXSourcesBuildPhase section */
		9F46E55F27495E2D000870A1 /* Sources */ = {
			isa = PBXSourcesBuildPhase;
			buildActionMask = 2147483647;
			files = (
				9FBB78A9274A866A009FBA25 /* BreedTableViewCell.swift in Sources */,
				9F46E5AB2749968C000870A1 /* Breed.swift in Sources */,
				9FBB789C274A73B1009FBA25 /* ListBreedsViewModel.swift in Sources */,
				9FBB78A2274A83E5009FBA25 /* ListBreedsViewController.swift in Sources */,
				9FBB7899274A7174009FBA25 /* Constants.swift in Sources */,
				9F46E59E27496922000870A1 /* APIService.swift in Sources */,
				9FBB78AD274A87D0009FBA25 /* Reusable.swift in Sources */,
				9F46E56727495E2D000870A1 /* AppDelegate.swift in Sources */,
				9F46E5A02749697E000870A1 /* Protocols.swift in Sources */,
				9F46E57127495E2D000870A1 /* TheDogs.xcdatamodeld in Sources */,
				9F46E5B1274999E3000870A1 /* BreedsRequest.swift in Sources */,
				9F46E56927495E2D000870A1 /* SceneDelegate.swift in Sources */,
				9F46E5A8274993CA000870A1 /* Measures.swift in Sources */,
				9F46E5AE2749990C000870A1 /* Image.swift in Sources */,
			);
			runOnlyForDeploymentPostprocessing = 0;
		};
		9F46E57827495E2E000870A1 /* Sources */ = {
			isa = PBXSourcesBuildPhase;
			buildActionMask = 2147483647;
			files = (
				9F46E58127495E2E000870A1 /* TheDogsTests.swift in Sources */,
			);
			runOnlyForDeploymentPostprocessing = 0;
		};
		9F46E58227495E2E000870A1 /* Sources */ = {
			isa = PBXSourcesBuildPhase;
			buildActionMask = 2147483647;
			files = (
				9F46E58B27495E2E000870A1 /* TheDogsUITests.swift in Sources */,
				9F46E58D27495E2E000870A1 /* TheDogsUITestsLaunchTests.swift in Sources */,
			);
			runOnlyForDeploymentPostprocessing = 0;
		};
/* End PBXSourcesBuildPhase section */

/* Begin PBXTargetDependency section */
		9F46E57E27495E2E000870A1 /* PBXTargetDependency */ = {
			isa = PBXTargetDependency;
			target = 9F46E56227495E2D000870A1 /* TheDogs */;
			targetProxy = 9F46E57D27495E2E000870A1 /* PBXContainerItemProxy */;
		};
		9F46E58827495E2E000870A1 /* PBXTargetDependency */ = {
			isa = PBXTargetDependency;
			target = 9F46E56227495E2D000870A1 /* TheDogs */;
			targetProxy = 9F46E58727495E2E000870A1 /* PBXContainerItemProxy */;
		};
/* End PBXTargetDependency section */

/* Begin PBXVariantGroup section */
		9F46E56C27495E2D000870A1 /* Main.storyboard */ = {
			isa = PBXVariantGroup;
			children = (
				9F46E56D27495E2D000870A1 /* Base */,
			);
			name = Main.storyboard;
			sourceTree = "<group>";
		};
		9F46E57427495E2E000870A1 /* LaunchScreen.storyboard */ = {
			isa = PBXVariantGroup;
			children = (
				9F46E57527495E2E000870A1 /* Base */,
			);
			name = LaunchScreen.storyboard;
			sourceTree = "<group>";
		};
/* End PBXVariantGroup section */

/* Begin XCBuildConfiguration section */
		9F46E58E27495E2E000870A1 /* Debug */ = {
			isa = XCBuildConfiguration;
			buildSettings = {
				ALWAYS_SEARCH_USER_PATHS = NO;
				CLANG_ANALYZER_NONNULL = YES;
				CLANG_ANALYZER_NUMBER_OBJECT_CONVERSION = YES_AGGRESSIVE;
				CLANG_CXX_LANGUAGE_STANDARD = "gnu++17";
				CLANG_CXX_LIBRARY = "libc++";
				CLANG_ENABLE_MODULES = YES;
				CLANG_ENABLE_OBJC_ARC = YES;
				CLANG_ENABLE_OBJC_WEAK = YES;
				CLANG_WARN_BLOCK_CAPTURE_AUTORELEASING = YES;
				CLANG_WARN_BOOL_CONVERSION = YES;
				CLANG_WARN_COMMA = YES;
				CLANG_WARN_CONSTANT_CONVERSION = YES;
				CLANG_WARN_DEPRECATED_OBJC_IMPLEMENTATIONS = YES;
				CLANG_WARN_DIRECT_OBJC_ISA_USAGE = YES_ERROR;
				CLANG_WARN_DOCUMENTATION_COMMENTS = YES;
				CLANG_WARN_EMPTY_BODY = YES;
				CLANG_WARN_ENUM_CONVERSION = YES;
				CLANG_WARN_INFINITE_RECURSION = YES;
				CLANG_WARN_INT_CONVERSION = YES;
				CLANG_WARN_NON_LITERAL_NULL_CONVERSION = YES;
				CLANG_WARN_OBJC_IMPLICIT_RETAIN_SELF = YES;
				CLANG_WARN_OBJC_LITERAL_CONVERSION = YES;
				CLANG_WARN_OBJC_ROOT_CLASS = YES_ERROR;
				CLANG_WARN_QUOTED_INCLUDE_IN_FRAMEWORK_HEADER = YES;
				CLANG_WARN_RANGE_LOOP_ANALYSIS = YES;
				CLANG_WARN_STRICT_PROTOTYPES = YES;
				CLANG_WARN_SUSPICIOUS_MOVE = YES;
				CLANG_WARN_UNGUARDED_AVAILABILITY = YES_AGGRESSIVE;
				CLANG_WARN_UNREACHABLE_CODE = YES;
				CLANG_WARN__DUPLICATE_METHOD_MATCH = YES;
				COPY_PHASE_STRIP = NO;
				DEBUG_INFORMATION_FORMAT = dwarf;
				ENABLE_STRICT_OBJC_MSGSEND = YES;
				ENABLE_TESTABILITY = YES;
				GCC_C_LANGUAGE_STANDARD = gnu11;
				GCC_DYNAMIC_NO_PIC = NO;
				GCC_NO_COMMON_BLOCKS = YES;
				GCC_OPTIMIZATION_LEVEL = 0;
				GCC_PREPROCESSOR_DEFINITIONS = (
					"DEBUG=1",
					"$(inherited)",
				);
				GCC_WARN_64_TO_32_BIT_CONVERSION = YES;
				GCC_WARN_ABOUT_RETURN_TYPE = YES_ERROR;
				GCC_WARN_UNDECLARED_SELECTOR = YES;
				GCC_WARN_UNINITIALIZED_AUTOS = YES_AGGRESSIVE;
				GCC_WARN_UNUSED_FUNCTION = YES;
				GCC_WARN_UNUSED_VARIABLE = YES;
				IPHONEOS_DEPLOYMENT_TARGET = 15.0;
				MTL_ENABLE_DEBUG_INFO = INCLUDE_SOURCE;
				MTL_FAST_MATH = YES;
				ONLY_ACTIVE_ARCH = YES;
				SDKROOT = iphoneos;
				SWIFT_ACTIVE_COMPILATION_CONDITIONS = DEBUG;
				SWIFT_OPTIMIZATION_LEVEL = "-Onone";
			};
			name = Debug;
		};
		9F46E58F27495E2E000870A1 /* Release */ = {
			isa = XCBuildConfiguration;
			buildSettings = {
				ALWAYS_SEARCH_USER_PATHS = NO;
				CLANG_ANALYZER_NONNULL = YES;
				CLANG_ANALYZER_NUMBER_OBJECT_CONVERSION = YES_AGGRESSIVE;
				CLANG_CXX_LANGUAGE_STANDARD = "gnu++17";
				CLANG_CXX_LIBRARY = "libc++";
				CLANG_ENABLE_MODULES = YES;
				CLANG_ENABLE_OBJC_ARC = YES;
				CLANG_ENABLE_OBJC_WEAK = YES;
				CLANG_WARN_BLOCK_CAPTURE_AUTORELEASING = YES;
				CLANG_WARN_BOOL_CONVERSION = YES;
				CLANG_WARN_COMMA = YES;
				CLANG_WARN_CONSTANT_CONVERSION = YES;
				CLANG_WARN_DEPRECATED_OBJC_IMPLEMENTATIONS = YES;
				CLANG_WARN_DIRECT_OBJC_ISA_USAGE = YES_ERROR;
				CLANG_WARN_DOCUMENTATION_COMMENTS = YES;
				CLANG_WARN_EMPTY_BODY = YES;
				CLANG_WARN_ENUM_CONVERSION = YES;
				CLANG_WARN_INFINITE_RECURSION = YES;
				CLANG_WARN_INT_CONVERSION = YES;
				CLANG_WARN_NON_LITERAL_NULL_CONVERSION = YES;
				CLANG_WARN_OBJC_IMPLICIT_RETAIN_SELF = YES;
				CLANG_WARN_OBJC_LITERAL_CONVERSION = YES;
				CLANG_WARN_OBJC_ROOT_CLASS = YES_ERROR;
				CLANG_WARN_QUOTED_INCLUDE_IN_FRAMEWORK_HEADER = YES;
				CLANG_WARN_RANGE_LOOP_ANALYSIS = YES;
				CLANG_WARN_STRICT_PROTOTYPES = YES;
				CLANG_WARN_SUSPICIOUS_MOVE = YES;
				CLANG_WARN_UNGUARDED_AVAILABILITY = YES_AGGRESSIVE;
				CLANG_WARN_UNREACHABLE_CODE = YES;
				CLANG_WARN__DUPLICATE_METHOD_MATCH = YES;
				COPY_PHASE_STRIP = NO;
				DEBUG_INFORMATION_FORMAT = "dwarf-with-dsym";
				ENABLE_NS_ASSERTIONS = NO;
				ENABLE_STRICT_OBJC_MSGSEND = YES;
				GCC_C_LANGUAGE_STANDARD = gnu11;
				GCC_NO_COMMON_BLOCKS = YES;
				GCC_WARN_64_TO_32_BIT_CONVERSION = YES;
				GCC_WARN_ABOUT_RETURN_TYPE = YES_ERROR;
				GCC_WARN_UNDECLARED_SELECTOR = YES;
				GCC_WARN_UNINITIALIZED_AUTOS = YES_AGGRESSIVE;
				GCC_WARN_UNUSED_FUNCTION = YES;
				GCC_WARN_UNUSED_VARIABLE = YES;
				IPHONEOS_DEPLOYMENT_TARGET = 15.0;
				MTL_ENABLE_DEBUG_INFO = NO;
				MTL_FAST_MATH = YES;
				SDKROOT = iphoneos;
				SWIFT_COMPILATION_MODE = wholemodule;
				SWIFT_OPTIMIZATION_LEVEL = "-O";
				VALIDATE_PRODUCT = YES;
			};
			name = Release;
		};
		9F46E59127495E2E000870A1 /* Debug */ = {
			isa = XCBuildConfiguration;
			baseConfigurationReference = B9CCE159141B9009EE95A539 /* Pods-TheDogs.debug.xcconfig */;
			buildSettings = {
				ASSETCATALOG_COMPILER_APPICON_NAME = AppIcon;
				ASSETCATALOG_COMPILER_GLOBAL_ACCENT_COLOR_NAME = AccentColor;
				CODE_SIGN_STYLE = Automatic;
				CURRENT_PROJECT_VERSION = 1;
				GENERATE_INFOPLIST_FILE = YES;
				INFOPLIST_FILE = TheDogs/Info.plist;
				INFOPLIST_KEY_UIApplicationSupportsIndirectInputEvents = YES;
				INFOPLIST_KEY_UILaunchStoryboardName = LaunchScreen;
				INFOPLIST_KEY_UIMainStoryboardFile = Main;
				INFOPLIST_KEY_UISupportedInterfaceOrientations_iPad = "UIInterfaceOrientationPortrait UIInterfaceOrientationPortraitUpsideDown UIInterfaceOrientationLandscapeLeft UIInterfaceOrientationLandscapeRight";
				INFOPLIST_KEY_UISupportedInterfaceOrientations_iPhone = "UIInterfaceOrientationPortrait UIInterfaceOrientationLandscapeLeft UIInterfaceOrientationLandscapeRight";
				IPHONEOS_DEPLOYMENT_TARGET = 14.0;
				LD_RUNPATH_SEARCH_PATHS = (
					"$(inherited)",
					"@executable_path/Frameworks",
				);
				MARKETING_VERSION = 1.0;
				PRODUCT_BUNDLE_IDENTIFIER = challenges.TheDogs;
				PRODUCT_NAME = "$(TARGET_NAME)";
				SWIFT_EMIT_LOC_STRINGS = YES;
				SWIFT_VERSION = 5.0;
				TARGETED_DEVICE_FAMILY = "1,2";
			};
			name = Debug;
		};
		9F46E59227495E2E000870A1 /* Release */ = {
			isa = XCBuildConfiguration;
			baseConfigurationReference = C55C601C5C811092D24C2885 /* Pods-TheDogs.release.xcconfig */;
			buildSettings = {
				ASSETCATALOG_COMPILER_APPICON_NAME = AppIcon;
				ASSETCATALOG_COMPILER_GLOBAL_ACCENT_COLOR_NAME = AccentColor;
				CODE_SIGN_STYLE = Automatic;
				CURRENT_PROJECT_VERSION = 1;
				GENERATE_INFOPLIST_FILE = YES;
				INFOPLIST_FILE = TheDogs/Info.plist;
				INFOPLIST_KEY_UIApplicationSupportsIndirectInputEvents = YES;
				INFOPLIST_KEY_UILaunchStoryboardName = LaunchScreen;
				INFOPLIST_KEY_UIMainStoryboardFile = Main;
				INFOPLIST_KEY_UISupportedInterfaceOrientations_iPad = "UIInterfaceOrientationPortrait UIInterfaceOrientationPortraitUpsideDown UIInterfaceOrientationLandscapeLeft UIInterfaceOrientationLandscapeRight";
				INFOPLIST_KEY_UISupportedInterfaceOrientations_iPhone = "UIInterfaceOrientationPortrait UIInterfaceOrientationLandscapeLeft UIInterfaceOrientationLandscapeRight";
				IPHONEOS_DEPLOYMENT_TARGET = 14.0;
				LD_RUNPATH_SEARCH_PATHS = (
					"$(inherited)",
					"@executable_path/Frameworks",
				);
				MARKETING_VERSION = 1.0;
				PRODUCT_BUNDLE_IDENTIFIER = challenges.TheDogs;
				PRODUCT_NAME = "$(TARGET_NAME)";
				SWIFT_EMIT_LOC_STRINGS = YES;
				SWIFT_VERSION = 5.0;
				TARGETED_DEVICE_FAMILY = "1,2";
			};
			name = Release;
		};
		9F46E59427495E2E000870A1 /* Debug */ = {
			isa = XCBuildConfiguration;
			baseConfigurationReference = 8E68C6C2B559A62FB7BD688F /* Pods-TheDogsTests.debug.xcconfig */;
			buildSettings = {
				ALWAYS_EMBED_SWIFT_STANDARD_LIBRARIES = YES;
				BUNDLE_LOADER = "$(TEST_HOST)";
				CODE_SIGN_STYLE = Automatic;
				CURRENT_PROJECT_VERSION = 1;
				GENERATE_INFOPLIST_FILE = YES;
				IPHONEOS_DEPLOYMENT_TARGET = 15.0;
				LD_RUNPATH_SEARCH_PATHS = (
					"$(inherited)",
					"@executable_path/Frameworks",
					"@loader_path/Frameworks",
				);
				MARKETING_VERSION = 1.0;
				PRODUCT_BUNDLE_IDENTIFIER = challenges.TheDogsTests;
				PRODUCT_NAME = "$(TARGET_NAME)";
				SWIFT_EMIT_LOC_STRINGS = NO;
				SWIFT_VERSION = 5.0;
				TARGETED_DEVICE_FAMILY = "1,2";
				TEST_HOST = "$(BUILT_PRODUCTS_DIR)/TheDogs.app/TheDogs";
			};
			name = Debug;
		};
		9F46E59527495E2E000870A1 /* Release */ = {
			isa = XCBuildConfiguration;
			baseConfigurationReference = 3B24B2A81576D4B920965466 /* Pods-TheDogsTests.release.xcconfig */;
			buildSettings = {
				ALWAYS_EMBED_SWIFT_STANDARD_LIBRARIES = YES;
				BUNDLE_LOADER = "$(TEST_HOST)";
				CODE_SIGN_STYLE = Automatic;
				CURRENT_PROJECT_VERSION = 1;
				GENERATE_INFOPLIST_FILE = YES;
				IPHONEOS_DEPLOYMENT_TARGET = 15.0;
				LD_RUNPATH_SEARCH_PATHS = (
					"$(inherited)",
					"@executable_path/Frameworks",
					"@loader_path/Frameworks",
				);
				MARKETING_VERSION = 1.0;
				PRODUCT_BUNDLE_IDENTIFIER = challenges.TheDogsTests;
				PRODUCT_NAME = "$(TARGET_NAME)";
				SWIFT_EMIT_LOC_STRINGS = NO;
				SWIFT_VERSION = 5.0;
				TARGETED_DEVICE_FAMILY = "1,2";
				TEST_HOST = "$(BUILT_PRODUCTS_DIR)/TheDogs.app/TheDogs";
			};
			name = Release;
		};
		9F46E59727495E2E000870A1 /* Debug */ = {
			isa = XCBuildConfiguration;
			baseConfigurationReference = 39580789F342AE5F740848B5 /* Pods-TheDogs-TheDogsUITests.debug.xcconfig */;
			buildSettings = {
				ALWAYS_EMBED_SWIFT_STANDARD_LIBRARIES = YES;
				CODE_SIGN_STYLE = Automatic;
				CURRENT_PROJECT_VERSION = 1;
				GENERATE_INFOPLIST_FILE = YES;
				LD_RUNPATH_SEARCH_PATHS = (
					"$(inherited)",
					"@executable_path/Frameworks",
					"@loader_path/Frameworks",
				);
				MARKETING_VERSION = 1.0;
				PRODUCT_BUNDLE_IDENTIFIER = challenges.TheDogsUITests;
				PRODUCT_NAME = "$(TARGET_NAME)";
				SWIFT_EMIT_LOC_STRINGS = NO;
				SWIFT_VERSION = 5.0;
				TARGETED_DEVICE_FAMILY = "1,2";
				TEST_TARGET_NAME = TheDogs;
			};
			name = Debug;
		};
		9F46E59827495E2E000870A1 /* Release */ = {
			isa = XCBuildConfiguration;
			baseConfigurationReference = 39E3808FB0AC785EE32109BC /* Pods-TheDogs-TheDogsUITests.release.xcconfig */;
			buildSettings = {
				ALWAYS_EMBED_SWIFT_STANDARD_LIBRARIES = YES;
				CODE_SIGN_STYLE = Automatic;
				CURRENT_PROJECT_VERSION = 1;
				GENERATE_INFOPLIST_FILE = YES;
				LD_RUNPATH_SEARCH_PATHS = (
					"$(inherited)",
					"@executable_path/Frameworks",
					"@loader_path/Frameworks",
				);
				MARKETING_VERSION = 1.0;
				PRODUCT_BUNDLE_IDENTIFIER = challenges.TheDogsUITests;
				PRODUCT_NAME = "$(TARGET_NAME)";
				SWIFT_EMIT_LOC_STRINGS = NO;
				SWIFT_VERSION = 5.0;
				TARGETED_DEVICE_FAMILY = "1,2";
				TEST_TARGET_NAME = TheDogs;
			};
			name = Release;
		};
/* End XCBuildConfiguration section */

/* Begin XCConfigurationList section */
		9F46E55E27495E2D000870A1 /* Build configuration list for PBXProject "TheDogs" */ = {
			isa = XCConfigurationList;
			buildConfigurations = (
				9F46E58E27495E2E000870A1 /* Debug */,
				9F46E58F27495E2E000870A1 /* Release */,
			);
			defaultConfigurationIsVisible = 0;
			defaultConfigurationName = Release;
		};
		9F46E59027495E2E000870A1 /* Build configuration list for PBXNativeTarget "TheDogs" */ = {
			isa = XCConfigurationList;
			buildConfigurations = (
				9F46E59127495E2E000870A1 /* Debug */,
				9F46E59227495E2E000870A1 /* Release */,
			);
			defaultConfigurationIsVisible = 0;
			defaultConfigurationName = Release;
		};
		9F46E59327495E2E000870A1 /* Build configuration list for PBXNativeTarget "TheDogsTests" */ = {
			isa = XCConfigurationList;
			buildConfigurations = (
				9F46E59427495E2E000870A1 /* Debug */,
				9F46E59527495E2E000870A1 /* Release */,
			);
			defaultConfigurationIsVisible = 0;
			defaultConfigurationName = Release;
		};
		9F46E59627495E2E000870A1 /* Build configuration list for PBXNativeTarget "TheDogsUITests" */ = {
			isa = XCConfigurationList;
			buildConfigurations = (
				9F46E59727495E2E000870A1 /* Debug */,
				9F46E59827495E2E000870A1 /* Release */,
			);
			defaultConfigurationIsVisible = 0;
			defaultConfigurationName = Release;
		};
/* End XCConfigurationList section */

/* Begin XCVersionGroup section */
		9F46E56F27495E2D000870A1 /* TheDogs.xcdatamodeld */ = {
			isa = XCVersionGroup;
			children = (
				9F46E57027495E2D000870A1 /* TheDogs.xcdatamodel */,
			);
			currentVersion = 9F46E57027495E2D000870A1 /* TheDogs.xcdatamodel */;
			path = TheDogs.xcdatamodeld;
			sourceTree = "<group>";
			versionGroupType = wrapper.xcdatamodel;
		};
/* End XCVersionGroup section */
	};
	rootObject = 9F46E55B27495E2D000870A1 /* Project object */;
}
